// !$*UTF8*$!
{
	archiveVersion = 1;
	classes = {
	};
	objectVersion = 46;
	objects = {

/* Begin PBXBuildFile section */
		5B173AB4AA329647E57344AC /* Pods_DroidsOnRoidsRxExample_1UITests.framework in Frameworks */ = {isa = PBXBuildFile; fileRef = 57B70029E0EE0C33F57A5ACC /* Pods_DroidsOnRoidsRxExample_1UITests.framework */; };
		7EEE8CA69409AAFFA4DB5A8F /* Pods_DroidsOnRoidsRxExample_1Tests.framework in Frameworks */ = {isa = PBXBuildFile; fileRef = 66D289F7307EA71EEB11BFC6 /* Pods_DroidsOnRoidsRxExample_1Tests.framework */; };
		7F5AEBB480427273F3900566 /* Pods_DroidsOnRoidsRxExample_1.framework in Frameworks */ = {isa = PBXBuildFile; fileRef = E37495888AAE311E9F9B3FFA /* Pods_DroidsOnRoidsRxExample_1.framework */; };
		BA984BF01E1B3A9900D5A796 /* AppDelegate.swift in Sources */ = {isa = PBXBuildFile; fileRef = BA984BEF1E1B3A9900D5A796 /* AppDelegate.swift */; };
		BA984BF21E1B3A9900D5A796 /* ViewController.swift in Sources */ = {isa = PBXBuildFile; fileRef = BA984BF11E1B3A9900D5A796 /* ViewController.swift */; };
		BA984BF51E1B3A9900D5A796 /* Main.storyboard in Resources */ = {isa = PBXBuildFile; fileRef = BA984BF31E1B3A9900D5A796 /* Main.storyboard */; };
		BA984BF71E1B3A9900D5A796 /* Assets.xcassets in Resources */ = {isa = PBXBuildFile; fileRef = BA984BF61E1B3A9900D5A796 /* Assets.xcassets */; };
		BA984BFA1E1B3A9900D5A796 /* LaunchScreen.storyboard in Resources */ = {isa = PBXBuildFile; fileRef = BA984BF81E1B3A9900D5A796 /* LaunchScreen.storyboard */; };
		BA984C051E1B3A9900D5A796 /* DroidsOnRoidsRxExample_1Tests.swift in Sources */ = {isa = PBXBuildFile; fileRef = BA984C041E1B3A9900D5A796 /* DroidsOnRoidsRxExample_1Tests.swift */; };
		BA984C101E1B3A9900D5A796 /* DroidsOnRoidsRxExample_1UITests.swift in Sources */ = {isa = PBXBuildFile; fileRef = BA984C0F1E1B3A9900D5A796 /* DroidsOnRoidsRxExample_1UITests.swift */; };
/* End PBXBuildFile section */

/* Begin PBXContainerItemProxy section */
		BA984C011E1B3A9900D5A796 /* PBXContainerItemProxy */ = {
			isa = PBXContainerItemProxy;
			containerPortal = BA984BE41E1B3A9900D5A796 /* Project object */;
			proxyType = 1;
			remoteGlobalIDString = BA984BEB1E1B3A9900D5A796;
			remoteInfo = "DroidsOnRoidsRxExample#1";
		};
		BA984C0C1E1B3A9900D5A796 /* PBXContainerItemProxy */ = {
			isa = PBXContainerItemProxy;
			containerPortal = BA984BE41E1B3A9900D5A796 /* Project object */;
			proxyType = 1;
			remoteGlobalIDString = BA984BEB1E1B3A9900D5A796;
			remoteInfo = "DroidsOnRoidsRxExample#1";
		};
/* End PBXContainerItemProxy section */

/* Begin PBXFileReference section */
		4CCF35BEA359240A110F039F /* Pods-DroidsOnRoidsRxExample#1UITests.debug.xcconfig */ = {isa = PBXFileReference; includeInIndex = 1; lastKnownFileType = text.xcconfig; name = "Pods-DroidsOnRoidsRxExample#1UITests.debug.xcconfig"; path = "Pods/Target Support Files/Pods-DroidsOnRoidsRxExample#1UITests/Pods-DroidsOnRoidsRxExample#1UITests.debug.xcconfig"; sourceTree = "<group>"; };
		4E9E70E081F5910C29C5372C /* Pods-DroidsOnRoidsRxExample#1Tests.debug.xcconfig */ = {isa = PBXFileReference; includeInIndex = 1; lastKnownFileType = text.xcconfig; name = "Pods-DroidsOnRoidsRxExample#1Tests.debug.xcconfig"; path = "Pods/Target Support Files/Pods-DroidsOnRoidsRxExample#1Tests/Pods-DroidsOnRoidsRxExample#1Tests.debug.xcconfig"; sourceTree = "<group>"; };
		57B70029E0EE0C33F57A5ACC /* Pods_DroidsOnRoidsRxExample_1UITests.framework */ = {isa = PBXFileReference; explicitFileType = wrapper.framework; includeInIndex = 0; path = Pods_DroidsOnRoidsRxExample_1UITests.framework; sourceTree = BUILT_PRODUCTS_DIR; };
		5EFEBBBE2CF8CFF2E295200B /* Pods-DroidsOnRoidsRxExample#1.release.xcconfig */ = {isa = PBXFileReference; includeInIndex = 1; lastKnownFileType = text.xcconfig; name = "Pods-DroidsOnRoidsRxExample#1.release.xcconfig"; path = "Pods/Target Support Files/Pods-DroidsOnRoidsRxExample#1/Pods-DroidsOnRoidsRxExample#1.release.xcconfig"; sourceTree = "<group>"; };
		66D289F7307EA71EEB11BFC6 /* Pods_DroidsOnRoidsRxExample_1Tests.framework */ = {isa = PBXFileReference; explicitFileType = wrapper.framework; includeInIndex = 0; path = Pods_DroidsOnRoidsRxExample_1Tests.framework; sourceTree = BUILT_PRODUCTS_DIR; };
		73A172714DE02F4F877FAA49 /* Pods-DroidsOnRoidsRxExample#1UITests.release.xcconfig */ = {isa = PBXFileReference; includeInIndex = 1; lastKnownFileType = text.xcconfig; name = "Pods-DroidsOnRoidsRxExample#1UITests.release.xcconfig"; path = "Pods/Target Support Files/Pods-DroidsOnRoidsRxExample#1UITests/Pods-DroidsOnRoidsRxExample#1UITests.release.xcconfig"; sourceTree = "<group>"; };
		AF25977D4E412BF4415E796C /* Pods-DroidsOnRoidsRxExample#1.debug.xcconfig */ = {isa = PBXFileReference; includeInIndex = 1; lastKnownFileType = text.xcconfig; name = "Pods-DroidsOnRoidsRxExample#1.debug.xcconfig"; path = "Pods/Target Support Files/Pods-DroidsOnRoidsRxExample#1/Pods-DroidsOnRoidsRxExample#1.debug.xcconfig"; sourceTree = "<group>"; };
		BA984BEC1E1B3A9900D5A796 /* DroidsOnRoidsRxExample#1.app */ = {isa = PBXFileReference; explicitFileType = wrapper.application; includeInIndex = 0; path = "DroidsOnRoidsRxExample#1.app"; sourceTree = BUILT_PRODUCTS_DIR; };
		BA984BEF1E1B3A9900D5A796 /* AppDelegate.swift */ = {isa = PBXFileReference; lastKnownFileType = sourcecode.swift; path = AppDelegate.swift; sourceTree = "<group>"; };
		BA984BF11E1B3A9900D5A796 /* ViewController.swift */ = {isa = PBXFileReference; lastKnownFileType = sourcecode.swift; path = ViewController.swift; sourceTree = "<group>"; };
		BA984BF41E1B3A9900D5A796 /* Base */ = {isa = PBXFileReference; lastKnownFileType = file.storyboard; name = Base; path = Base.lproj/Main.storyboard; sourceTree = "<group>"; };
		BA984BF61E1B3A9900D5A796 /* Assets.xcassets */ = {isa = PBXFileReference; lastKnownFileType = folder.assetcatalog; path = Assets.xcassets; sourceTree = "<group>"; };
		BA984BF91E1B3A9900D5A796 /* Base */ = {isa = PBXFileReference; lastKnownFileType = file.storyboard; name = Base; path = Base.lproj/LaunchScreen.storyboard; sourceTree = "<group>"; };
		BA984BFB1E1B3A9900D5A796 /* Info.plist */ = {isa = PBXFileReference; lastKnownFileType = text.plist.xml; path = Info.plist; sourceTree = "<group>"; };
		BA984C001E1B3A9900D5A796 /* DroidsOnRoidsRxExample#1Tests.xctest */ = {isa = PBXFileReference; explicitFileType = wrapper.cfbundle; includeInIndex = 0; path = "DroidsOnRoidsRxExample#1Tests.xctest"; sourceTree = BUILT_PRODUCTS_DIR; };
		BA984C041E1B3A9900D5A796 /* DroidsOnRoidsRxExample_1Tests.swift */ = {isa = PBXFileReference; lastKnownFileType = sourcecode.swift; path = DroidsOnRoidsRxExample_1Tests.swift; sourceTree = "<group>"; };
		BA984C061E1B3A9900D5A796 /* Info.plist */ = {isa = PBXFileReference; lastKnownFileType = text.plist.xml; path = Info.plist; sourceTree = "<group>"; };
		BA984C0B1E1B3A9900D5A796 /* DroidsOnRoidsRxExample#1UITests.xctest */ = {isa = PBXFileReference; explicitFileType = wrapper.cfbundle; includeInIndex = 0; path = "DroidsOnRoidsRxExample#1UITests.xctest"; sourceTree = BUILT_PRODUCTS_DIR; };
		BA984C0F1E1B3A9900D5A796 /* DroidsOnRoidsRxExample_1UITests.swift */ = {isa = PBXFileReference; lastKnownFileType = sourcecode.swift; path = DroidsOnRoidsRxExample_1UITests.swift; sourceTree = "<group>"; };
		BA984C111E1B3A9900D5A796 /* Info.plist */ = {isa = PBXFileReference; lastKnownFileType = text.plist.xml; path = Info.plist; sourceTree = "<group>"; };
		C10845817AA7B0C832471F35 /* Pods-DroidsOnRoidsRxExample#1Tests.release.xcconfig */ = {isa = PBXFileReference; includeInIndex = 1; lastKnownFileType = text.xcconfig; name = "Pods-DroidsOnRoidsRxExample#1Tests.release.xcconfig"; path = "Pods/Target Support Files/Pods-DroidsOnRoidsRxExample#1Tests/Pods-DroidsOnRoidsRxExample#1Tests.release.xcconfig"; sourceTree = "<group>"; };
		E37495888AAE311E9F9B3FFA /* Pods_DroidsOnRoidsRxExample_1.framework */ = {isa = PBXFileReference; explicitFileType = wrapper.framework; includeInIndex = 0; path = Pods_DroidsOnRoidsRxExample_1.framework; sourceTree = BUILT_PRODUCTS_DIR; };
/* End PBXFileReference section */

/* Begin PBXFrameworksBuildPhase section */
		BA984BE91E1B3A9900D5A796 /* Frameworks */ = {
			isa = PBXFrameworksBuildPhase;
			buildActionMask = 2147483647;
			files = (
				7F5AEBB480427273F3900566 /* Pods_DroidsOnRoidsRxExample_1.framework in Frameworks */,
			);
			runOnlyForDeploymentPostprocessing = 0;
		};
		BA984BFD1E1B3A9900D5A796 /* Frameworks */ = {
			isa = PBXFrameworksBuildPhase;
			buildActionMask = 2147483647;
			files = (
				7EEE8CA69409AAFFA4DB5A8F /* Pods_DroidsOnRoidsRxExample_1Tests.framework in Frameworks */,
			);
			runOnlyForDeploymentPostprocessing = 0;
		};
		BA984C081E1B3A9900D5A796 /* Frameworks */ = {
			isa = PBXFrameworksBuildPhase;
			buildActionMask = 2147483647;
			files = (
				5B173AB4AA329647E57344AC /* Pods_DroidsOnRoidsRxExample_1UITests.framework in Frameworks */,
			);
			runOnlyForDeploymentPostprocessing = 0;
		};
/* End PBXFrameworksBuildPhase section */

/* Begin PBXGroup section */
		5C5C4CC9E7D489BD6B0C4066 /* Pods */ = {
			isa = PBXGroup;
			children = (
				AF25977D4E412BF4415E796C /* Pods-DroidsOnRoidsRxExample#1.debug.xcconfig */,
				5EFEBBBE2CF8CFF2E295200B /* Pods-DroidsOnRoidsRxExample#1.release.xcconfig */,
				4E9E70E081F5910C29C5372C /* Pods-DroidsOnRoidsRxExample#1Tests.debug.xcconfig */,
				C10845817AA7B0C832471F35 /* Pods-DroidsOnRoidsRxExample#1Tests.release.xcconfig */,
				4CCF35BEA359240A110F039F /* Pods-DroidsOnRoidsRxExample#1UITests.debug.xcconfig */,
				73A172714DE02F4F877FAA49 /* Pods-DroidsOnRoidsRxExample#1UITests.release.xcconfig */,
			);
			name = Pods;
			sourceTree = "<group>";
		};
		B7C6DB5EA1B740FE6C80551D /* Frameworks */ = {
			isa = PBXGroup;
			children = (
				E37495888AAE311E9F9B3FFA /* Pods_DroidsOnRoidsRxExample_1.framework */,
				66D289F7307EA71EEB11BFC6 /* Pods_DroidsOnRoidsRxExample_1Tests.framework */,
				57B70029E0EE0C33F57A5ACC /* Pods_DroidsOnRoidsRxExample_1UITests.framework */,
			);
			name = Frameworks;
			sourceTree = "<group>";
		};
		BA984BE31E1B3A9900D5A796 = {
			isa = PBXGroup;
			children = (
				BA984BEE1E1B3A9900D5A796 /* DroidsOnRoidsRxExample#1 */,
				BA984C031E1B3A9900D5A796 /* DroidsOnRoidsRxExample#1Tests */,
				BA984C0E1E1B3A9900D5A796 /* DroidsOnRoidsRxExample#1UITests */,
				BA984BED1E1B3A9900D5A796 /* Products */,
				5C5C4CC9E7D489BD6B0C4066 /* Pods */,
				B7C6DB5EA1B740FE6C80551D /* Frameworks */,
			);
			indentWidth = 2;
			sourceTree = "<group>";
			tabWidth = 2;
		};
		BA984BED1E1B3A9900D5A796 /* Products */ = {
			isa = PBXGroup;
			children = (
				BA984BEC1E1B3A9900D5A796 /* DroidsOnRoidsRxExample#1.app */,
				BA984C001E1B3A9900D5A796 /* DroidsOnRoidsRxExample#1Tests.xctest */,
				BA984C0B1E1B3A9900D5A796 /* DroidsOnRoidsRxExample#1UITests.xctest */,
			);
			name = Products;
			sourceTree = "<group>";
		};
		BA984BEE1E1B3A9900D5A796 /* DroidsOnRoidsRxExample#1 */ = {
			isa = PBXGroup;
			children = (
				BA984BEF1E1B3A9900D5A796 /* AppDelegate.swift */,
				BA984BF11E1B3A9900D5A796 /* ViewController.swift */,
				BA984BF31E1B3A9900D5A796 /* Main.storyboard */,
				BA984BF61E1B3A9900D5A796 /* Assets.xcassets */,
				BA984BF81E1B3A9900D5A796 /* LaunchScreen.storyboard */,
				BA984BFB1E1B3A9900D5A796 /* Info.plist */,
			);
			path = "DroidsOnRoidsRxExample#1";
			sourceTree = "<group>";
		};
		BA984C031E1B3A9900D5A796 /* DroidsOnRoidsRxExample#1Tests */ = {
			isa = PBXGroup;
			children = (
				BA984C041E1B3A9900D5A796 /* DroidsOnRoidsRxExample_1Tests.swift */,
				BA984C061E1B3A9900D5A796 /* Info.plist */,
			);
			path = "DroidsOnRoidsRxExample#1Tests";
			sourceTree = "<group>";
		};
		BA984C0E1E1B3A9900D5A796 /* DroidsOnRoidsRxExample#1UITests */ = {
			isa = PBXGroup;
			children = (
				BA984C0F1E1B3A9900D5A796 /* DroidsOnRoidsRxExample_1UITests.swift */,
				BA984C111E1B3A9900D5A796 /* Info.plist */,
			);
			path = "DroidsOnRoidsRxExample#1UITests";
			sourceTree = "<group>";
		};
/* End PBXGroup section */

/* Begin PBXNativeTarget section */
		BA984BEB1E1B3A9900D5A796 /* DroidsOnRoidsRxExample#1 */ = {
			isa = PBXNativeTarget;
			buildConfigurationList = BA984C141E1B3A9900D5A796 /* Build configuration list for PBXNativeTarget "DroidsOnRoidsRxExample#1" */;
			buildPhases = (
				D4BF5D3E57F174174DDEE33A /* [CP] Check Pods Manifest.lock */,
				BA984BE81E1B3A9900D5A796 /* Sources */,
				BA984BE91E1B3A9900D5A796 /* Frameworks */,
				BA984BEA1E1B3A9900D5A796 /* Resources */,
				E1575E4D9D0817880344FA1F /* [CP] Embed Pods Frameworks */,
				F082E67001E412398AC4551A /* [CP] Copy Pods Resources */,
			);
			buildRules = (
			);
			dependencies = (
			);
			name = "DroidsOnRoidsRxExample#1";
			productName = "DroidsOnRoidsRxExample#1";
			productReference = BA984BEC1E1B3A9900D5A796 /* DroidsOnRoidsRxExample#1.app */;
			productType = "com.apple.product-type.application";
		};
		BA984BFF1E1B3A9900D5A796 /* DroidsOnRoidsRxExample#1Tests */ = {
			isa = PBXNativeTarget;
			buildConfigurationList = BA984C171E1B3A9900D5A796 /* Build configuration list for PBXNativeTarget "DroidsOnRoidsRxExample#1Tests" */;
			buildPhases = (
				47EED6640C5217A898474B1F /* [CP] Check Pods Manifest.lock */,
				BA984BFC1E1B3A9900D5A796 /* Sources */,
				BA984BFD1E1B3A9900D5A796 /* Frameworks */,
				BA984BFE1E1B3A9900D5A796 /* Resources */,
				6229741FC043996FEC8233C8 /* [CP] Embed Pods Frameworks */,
				189F7CA77C9C58F1ACD44197 /* [CP] Copy Pods Resources */,
			);
			buildRules = (
			);
			dependencies = (
				BA984C021E1B3A9900D5A796 /* PBXTargetDependency */,
			);
			name = "DroidsOnRoidsRxExample#1Tests";
			productName = "DroidsOnRoidsRxExample#1Tests";
			productReference = BA984C001E1B3A9900D5A796 /* DroidsOnRoidsRxExample#1Tests.xctest */;
			productType = "com.apple.product-type.bundle.unit-test";
		};
		BA984C0A1E1B3A9900D5A796 /* DroidsOnRoidsRxExample#1UITests */ = {
			isa = PBXNativeTarget;
			buildConfigurationList = BA984C1A1E1B3A9900D5A796 /* Build configuration list for PBXNativeTarget "DroidsOnRoidsRxExample#1UITests" */;
			buildPhases = (
				636BC1066589BB81B47D5D81 /* [CP] Check Pods Manifest.lock */,
				BA984C071E1B3A9900D5A796 /* Sources */,
				BA984C081E1B3A9900D5A796 /* Frameworks */,
				BA984C091E1B3A9900D5A796 /* Resources */,
				0C228D5413B4CFB3C07F6942 /* [CP] Embed Pods Frameworks */,
				AED5DF06B69312E4824F5C6E /* [CP] Copy Pods Resources */,
			);
			buildRules = (
			);
			dependencies = (
				BA984C0D1E1B3A9900D5A796 /* PBXTargetDependency */,
			);
			name = "DroidsOnRoidsRxExample#1UITests";
			productName = "DroidsOnRoidsRxExample#1UITests";
			productReference = BA984C0B1E1B3A9900D5A796 /* DroidsOnRoidsRxExample#1UITests.xctest */;
			productType = "com.apple.product-type.bundle.ui-testing";
		};
/* End PBXNativeTarget section */

/* Begin PBXProject section */
		BA984BE41E1B3A9900D5A796 /* Project object */ = {
			isa = PBXProject;
			attributes = {
				LastSwiftUpdateCheck = 0820;
				LastUpgradeCheck = 0820;
				ORGANIZATIONNAME = "Bell OS, LLC";
				TargetAttributes = {
					BA984BEB1E1B3A9900D5A796 = {
						CreatedOnToolsVersion = 8.2.1;
						DevelopmentTeam = BR4H78C3XC;
						ProvisioningStyle = Automatic;
					};
					BA984BFF1E1B3A9900D5A796 = {
						CreatedOnToolsVersion = 8.2.1;
						DevelopmentTeam = BR4H78C3XC;
						ProvisioningStyle = Automatic;
						TestTargetID = BA984BEB1E1B3A9900D5A796;
					};
					BA984C0A1E1B3A9900D5A796 = {
						CreatedOnToolsVersion = 8.2.1;
						DevelopmentTeam = BR4H78C3XC;
						ProvisioningStyle = Automatic;
						TestTargetID = BA984BEB1E1B3A9900D5A796;
					};
				};
			};
			buildConfigurationList = BA984BE71E1B3A9900D5A796 /* Build configuration list for PBXProject "DroidsOnRoidsRxExample#1" */;
			compatibilityVersion = "Xcode 3.2";
			developmentRegion = English;
			hasScannedForEncodings = 0;
			knownRegions = (
				en,
				Base,
			);
			mainGroup = BA984BE31E1B3A9900D5A796;
			productRefGroup = BA984BED1E1B3A9900D5A796 /* Products */;
			projectDirPath = "";
			projectRoot = "";
			targets = (
				BA984BEB1E1B3A9900D5A796 /* DroidsOnRoidsRxExample#1 */,
				BA984BFF1E1B3A9900D5A796 /* DroidsOnRoidsRxExample#1Tests */,
				BA984C0A1E1B3A9900D5A796 /* DroidsOnRoidsRxExample#1UITests */,
			);
		};
/* End PBXProject section */

/* Begin PBXResourcesBuildPhase section */
		BA984BEA1E1B3A9900D5A796 /* Resources */ = {
			isa = PBXResourcesBuildPhase;
			buildActionMask = 2147483647;
			files = (
				BA984BFA1E1B3A9900D5A796 /* LaunchScreen.storyboard in Resources */,
				BA984BF71E1B3A9900D5A796 /* Assets.xcassets in Resources */,
				BA984BF51E1B3A9900D5A796 /* Main.storyboard in Resources */,
			);
			runOnlyForDeploymentPostprocessing = 0;
		};
		BA984BFE1E1B3A9900D5A796 /* Resources */ = {
			isa = PBXResourcesBuildPhase;
			buildActionMask = 2147483647;
			files = (
			);
			runOnlyForDeploymentPostprocessing = 0;
		};
		BA984C091E1B3A9900D5A796 /* Resources */ = {
			isa = PBXResourcesBuildPhase;
			buildActionMask = 2147483647;
			files = (
			);
			runOnlyForDeploymentPostprocessing = 0;
		};
/* End PBXResourcesBuildPhase section */

/* Begin PBXShellScriptBuildPhase section */
		0C228D5413B4CFB3C07F6942 /* [CP] Embed Pods Frameworks */ = {
			isa = PBXShellScriptBuildPhase;
			buildActionMask = 2147483647;
			files = (
			);
			inputPaths = (
			);
			name = "[CP] Embed Pods Frameworks";
			outputPaths = (
			);
			runOnlyForDeploymentPostprocessing = 0;
			shellPath = /bin/sh;
			shellScript = "\"${SRCROOT}/Pods/Target Support Files/Pods-DroidsOnRoidsRxExample#1UITests/Pods-DroidsOnRoidsRxExample#1UITests-frameworks.sh\"\n";
			showEnvVarsInLog = 0;
		};
		189F7CA77C9C58F1ACD44197 /* [CP] Copy Pods Resources */ = {
			isa = PBXShellScriptBuildPhase;
			buildActionMask = 2147483647;
			files = (
			);
			inputPaths = (
			);
			name = "[CP] Copy Pods Resources";
			outputPaths = (
			);
			runOnlyForDeploymentPostprocessing = 0;
			shellPath = /bin/sh;
			shellScript = "\"${SRCROOT}/Pods/Target Support Files/Pods-DroidsOnRoidsRxExample#1Tests/Pods-DroidsOnRoidsRxExample#1Tests-resources.sh\"\n";
			showEnvVarsInLog = 0;
		};
		47EED6640C5217A898474B1F /* [CP] Check Pods Manifest.lock */ = {
			isa = PBXShellScriptBuildPhase;
			buildActionMask = 2147483647;
			files = (
			);
			inputPaths = (
			);
			name = "[CP] Check Pods Manifest.lock";
			outputPaths = (
			);
			runOnlyForDeploymentPostprocessing = 0;
			shellPath = /bin/sh;
			shellScript = "diff \"${PODS_ROOT}/../Podfile.lock\" \"${PODS_ROOT}/Manifest.lock\" > /dev/null\nif [ $? != 0 ] ; then\n    # print error to STDERR\n    echo \"error: The sandbox is not in sync with the Podfile.lock. Run 'pod install' or update your CocoaPods installation.\" >&2\n    exit 1\nfi\n";
			showEnvVarsInLog = 0;
		};
		6229741FC043996FEC8233C8 /* [CP] Embed Pods Frameworks */ = {
			isa = PBXShellScriptBuildPhase;
			buildActionMask = 2147483647;
			files = (
			);
			inputPaths = (
			);
			name = "[CP] Embed Pods Frameworks";
			outputPaths = (
			);
			runOnlyForDeploymentPostprocessing = 0;
			shellPath = /bin/sh;
			shellScript = "\"${SRCROOT}/Pods/Target Support Files/Pods-DroidsOnRoidsRxExample#1Tests/Pods-DroidsOnRoidsRxExample#1Tests-frameworks.sh\"\n";
			showEnvVarsInLog = 0;
		};
		636BC1066589BB81B47D5D81 /* [CP] Check Pods Manifest.lock */ = {
			isa = PBXShellScriptBuildPhase;
			buildActionMask = 2147483647;
			files = (
			);
			inputPaths = (
			);
			name = "[CP] Check Pods Manifest.lock";
			outputPaths = (
			);
			runOnlyForDeploymentPostprocessing = 0;
			shellPath = /bin/sh;
			shellScript = "diff \"${PODS_ROOT}/../Podfile.lock\" \"${PODS_ROOT}/Manifest.lock\" > /dev/null\nif [ $? != 0 ] ; then\n    # print error to STDERR\n    echo \"error: The sandbox is not in sync with the Podfile.lock. Run 'pod install' or update your CocoaPods installation.\" >&2\n    exit 1\nfi\n";
			showEnvVarsInLog = 0;
		};
		AED5DF06B69312E4824F5C6E /* [CP] Copy Pods Resources */ = {
			isa = PBXShellScriptBuildPhase;
			buildActionMask = 2147483647;
			files = (
			);
			inputPaths = (
			);
			name = "[CP] Copy Pods Resources";
			outputPaths = (
			);
			runOnlyForDeploymentPostprocessing = 0;
			shellPath = /bin/sh;
			shellScript = "\"${SRCROOT}/Pods/Target Support Files/Pods-DroidsOnRoidsRxExample#1UITests/Pods-DroidsOnRoidsRxExample#1UITests-resources.sh\"\n";
			showEnvVarsInLog = 0;
		};
		D4BF5D3E57F174174DDEE33A /* [CP] Check Pods Manifest.lock */ = {
			isa = PBXShellScriptBuildPhase;
			buildActionMask = 2147483647;
			files = (
			);
			inputPaths = (
			);
			name = "[CP] Check Pods Manifest.lock";
			outputPaths = (
			);
			runOnlyForDeploymentPostprocessing = 0;
			shellPath = /bin/sh;
			shellScript = "diff \"${PODS_ROOT}/../Podfile.lock\" \"${PODS_ROOT}/Manifest.lock\" > /dev/null\nif [ $? != 0 ] ; then\n    # print error to STDERR\n    echo \"error: The sandbox is not in sync with the Podfile.lock. Run 'pod install' or update your CocoaPods installation.\" >&2\n    exit 1\nfi\n";
			showEnvVarsInLog = 0;
		};
		E1575E4D9D0817880344FA1F /* [CP] Embed Pods Frameworks */ = {
			isa = PBXShellScriptBuildPhase;
			buildActionMask = 2147483647;
			files = (
			);
			inputPaths = (
			);
			name = "[CP] Embed Pods Frameworks";
			outputPaths = (
			);
			runOnlyForDeploymentPostprocessing = 0;
			shellPath = /bin/sh;
			shellScript = "\"${SRCROOT}/Pods/Target Support Files/Pods-DroidsOnRoidsRxExample#1/Pods-DroidsOnRoidsRxExample#1-frameworks.sh\"\n";
			showEnvVarsInLog = 0;
		};
		F082E67001E412398AC4551A /* [CP] Copy Pods Resources */ = {
			isa = PBXShellScriptBuildPhase;
			buildActionMask = 2147483647;
			files = (
			);
			inputPaths = (
			);
			name = "[CP] Copy Pods Resources";
			outputPaths = (
			);
			runOnlyForDeploymentPostprocessing = 0;
			shellPath = /bin/sh;
			shellScript = "\"${SRCROOT}/Pods/Target Support Files/Pods-DroidsOnRoidsRxExample#1/Pods-DroidsOnRoidsRxExample#1-resources.sh\"\n";
			showEnvVarsInLog = 0;
		};
/* End PBXShellScriptBuildPhase section */

/* Begin PBXSourcesBuildPhase section */
		BA984BE81E1B3A9900D5A796 /* Sources */ = {
			isa = PBXSourcesBuildPhase;
			buildActionMask = 2147483647;
			files = (
				BA984BF21E1B3A9900D5A796 /* ViewController.swift in Sources */,
				BA984BF01E1B3A9900D5A796 /* AppDelegate.swift in Sources */,
			);
			runOnlyForDeploymentPostprocessing = 0;
		};
		BA984BFC1E1B3A9900D5A796 /* Sources */ = {
			isa = PBXSourcesBuildPhase;
			buildActionMask = 2147483647;
			files = (
				BA984C051E1B3A9900D5A796 /* DroidsOnRoidsRxExample_1Tests.swift in Sources */,
			);
			runOnlyForDeploymentPostprocessing = 0;
		};
		BA984C071E1B3A9900D5A796 /* Sources */ = {
			isa = PBXSourcesBuildPhase;
			buildActionMask = 2147483647;
			files = (
				BA984C101E1B3A9900D5A796 /* DroidsOnRoidsRxExample_1UITests.swift in Sources */,
			);
			runOnlyForDeploymentPostprocessing = 0;
		};
/* End PBXSourcesBuildPhase section */

/* Begin PBXTargetDependency section */
		BA984C021E1B3A9900D5A796 /* PBXTargetDependency */ = {
			isa = PBXTargetDependency;
			target = BA984BEB1E1B3A9900D5A796 /* DroidsOnRoidsRxExample#1 */;
			targetProxy = BA984C011E1B3A9900D5A796 /* PBXContainerItemProxy */;
		};
		BA984C0D1E1B3A9900D5A796 /* PBXTargetDependency */ = {
			isa = PBXTargetDependency;
			target = BA984BEB1E1B3A9900D5A796 /* DroidsOnRoidsRxExample#1 */;
			targetProxy = BA984C0C1E1B3A9900D5A796 /* PBXContainerItemProxy */;
		};
/* End PBXTargetDependency section */

/* Begin PBXVariantGroup section */
		BA984BF31E1B3A9900D5A796 /* Main.storyboard */ = {
			isa = PBXVariantGroup;
			children = (
				BA984BF41E1B3A9900D5A796 /* Base */,
			);
			name = Main.storyboard;
			sourceTree = "<group>";
		};
		BA984BF81E1B3A9900D5A796 /* LaunchScreen.storyboard */ = {
			isa = PBXVariantGroup;
			children = (
				BA984BF91E1B3A9900D5A796 /* Base */,
			);
			name = LaunchScreen.storyboard;
			sourceTree = "<group>";
		};
/* End PBXVariantGroup section */

/* Begin XCBuildConfiguration section */
		BA984C121E1B3A9900D5A796 /* Debug */ = {
			isa = XCBuildConfiguration;
			buildSettings = {
				ALWAYS_SEARCH_USER_PATHS = NO;
				CLANG_ANALYZER_NONNULL = YES;
				CLANG_CXX_LANGUAGE_STANDARD = "gnu++0x";
				CLANG_CXX_LIBRARY = "libc++";
				CLANG_ENABLE_MODULES = YES;
				CLANG_ENABLE_OBJC_ARC = YES;
				CLANG_WARN_BOOL_CONVERSION = YES;
				CLANG_WARN_CONSTANT_CONVERSION = YES;
				CLANG_WARN_DIRECT_OBJC_ISA_USAGE = YES_ERROR;
				CLANG_WARN_DOCUMENTATION_COMMENTS = YES;
				CLANG_WARN_EMPTY_BODY = YES;
				CLANG_WARN_ENUM_CONVERSION = YES;
				CLANG_WARN_INFINITE_RECURSION = YES;
				CLANG_WARN_INT_CONVERSION = YES;
				CLANG_WARN_OBJC_ROOT_CLASS = YES_ERROR;
				CLANG_WARN_SUSPICIOUS_MOVE = YES;
				CLANG_WARN_UNREACHABLE_CODE = YES;
				CLANG_WARN__DUPLICATE_METHOD_MATCH = YES;
				"CODE_SIGN_IDENTITY[sdk=iphoneos*]" = "iPhone Developer";
				COPY_PHASE_STRIP = NO;
				DEBUG_INFORMATION_FORMAT = dwarf;
				ENABLE_STRICT_OBJC_MSGSEND = YES;
				ENABLE_TESTABILITY = YES;
				GCC_C_LANGUAGE_STANDARD = gnu99;
				GCC_DYNAMIC_NO_PIC = NO;
				GCC_NO_COMMON_BLOCKS = YES;
				GCC_OPTIMIZATION_LEVEL = 0;
				GCC_PREPROCESSOR_DEFINITIONS = (
					"DEBUG=1",
					"$(inherited)",
				);
				GCC_WARN_64_TO_32_BIT_CONVERSION = YES;
				GCC_WARN_ABOUT_RETURN_TYPE = YES_ERROR;
				GCC_WARN_UNDECLARED_SELECTOR = YES;
				GCC_WARN_UNINITIALIZED_AUTOS = YES_AGGRESSIVE;
				GCC_WARN_UNUSED_FUNCTION = YES;
				GCC_WARN_UNUSED_VARIABLE = YES;
				IPHONEOS_DEPLOYMENT_TARGET = 10.2;
				MTL_ENABLE_DEBUG_INFO = YES;
				ONLY_ACTIVE_ARCH = YES;
				SDKROOT = iphoneos;
				SWIFT_ACTIVE_COMPILATION_CONDITIONS = DEBUG;
				SWIFT_OPTIMIZATION_LEVEL = "-Onone";
			};
			name = Debug;
		};
		BA984C131E1B3A9900D5A796 /* Release */ = {
			isa = XCBuildConfiguration;
			buildSettings = {
				ALWAYS_SEARCH_USER_PATHS = NO;
				CLANG_ANALYZER_NONNULL = YES;
				CLANG_CXX_LANGUAGE_STANDARD = "gnu++0x";
				CLANG_CXX_LIBRARY = "libc++";
				CLANG_ENABLE_MODULES = YES;
				CLANG_ENABLE_OBJC_ARC = YES;
				CLANG_WARN_BOOL_CONVERSION = YES;
				CLANG_WARN_CONSTANT_CONVERSION = YES;
				CLANG_WARN_DIRECT_OBJC_ISA_USAGE = YES_ERROR;
				CLANG_WARN_DOCUMENTATION_COMMENTS = YES;
				CLANG_WARN_EMPTY_BODY = YES;
				CLANG_WARN_ENUM_CONVERSION = YES;
				CLANG_WARN_INFINITE_RECURSION = YES;
				CLANG_WARN_INT_CONVERSION = YES;
				CLANG_WARN_OBJC_ROOT_CLASS = YES_ERROR;
				CLANG_WARN_SUSPICIOUS_MOVE = YES;
				CLANG_WARN_UNREACHABLE_CODE = YES;
				CLANG_WARN__DUPLICATE_METHOD_MATCH = YES;
				"CODE_SIGN_IDENTITY[sdk=iphoneos*]" = "iPhone Developer";
				COPY_PHASE_STRIP = NO;
				DEBUG_INFORMATION_FORMAT = "dwarf-with-dsym";
				ENABLE_NS_ASSERTIONS = NO;
				ENABLE_STRICT_OBJC_MSGSEND = YES;
				GCC_C_LANGUAGE_STANDARD = gnu99;
				GCC_NO_COMMON_BLOCKS = YES;
				GCC_WARN_64_TO_32_BIT_CONVERSION = YES;
				GCC_WARN_ABOUT_RETURN_TYPE = YES_ERROR;
				GCC_WARN_UNDECLARED_SELECTOR = YES;
				GCC_WARN_UNINITIALIZED_AUTOS = YES_AGGRESSIVE;
				GCC_WARN_UNUSED_FUNCTION = YES;
				GCC_WARN_UNUSED_VARIABLE = YES;
				IPHONEOS_DEPLOYMENT_TARGET = 10.2;
				MTL_ENABLE_DEBUG_INFO = NO;
				SDKROOT = iphoneos;
				SWIFT_OPTIMIZATION_LEVEL = "-Owholemodule";
				VALIDATE_PRODUCT = YES;
			};
			name = Release;
		};
		BA984C151E1B3A9900D5A796 /* Debug */ = {
			isa = XCBuildConfiguration;
			baseConfigurationReference = AF25977D4E412BF4415E796C /* Pods-DroidsOnRoidsRxExample#1.debug.xcconfig */;
			buildSettings = {
				ASSETCATALOG_COMPILER_APPICON_NAME = AppIcon;
				DEVELOPMENT_TEAM = BR4H78C3XC;
				INFOPLIST_FILE = "DroidsOnRoidsRxExample#1/Info.plist";
				LD_RUNPATH_SEARCH_PATHS = "$(inherited) @executable_path/Frameworks";
				PRODUCT_BUNDLE_IDENTIFIER = "com.patrickBellot.DroidsOnRoidsRxExample-1";
				PRODUCT_NAME = "$(TARGET_NAME)";
				SWIFT_VERSION = 3.0;
			};
			name = Debug;
		};
		BA984C161E1B3A9900D5A796 /* Release */ = {
			isa = XCBuildConfiguration;
			baseConfigurationReference = 5EFEBBBE2CF8CFF2E295200B /* Pods-DroidsOnRoidsRxExample#1.release.xcconfig */;
			buildSettings = {
				ASSETCATALOG_COMPILER_APPICON_NAME = AppIcon;
				DEVELOPMENT_TEAM = BR4H78C3XC;
				INFOPLIST_FILE = "DroidsOnRoidsRxExample#1/Info.plist";
				LD_RUNPATH_SEARCH_PATHS = "$(inherited) @executable_path/Frameworks";
				PRODUCT_BUNDLE_IDENTIFIER = "com.patrickBellot.DroidsOnRoidsRxExample-1";
				PRODUCT_NAME = "$(TARGET_NAME)";
				SWIFT_VERSION = 3.0;
			};
			name = Release;
		};
		BA984C181E1B3A9900D5A796 /* Debug */ = {
			isa = XCBuildConfiguration;
			baseConfigurationReference = 4E9E70E081F5910C29C5372C /* Pods-DroidsOnRoidsRxExample#1Tests.debug.xcconfig */;
			buildSettings = {
				ALWAYS_EMBED_SWIFT_STANDARD_LIBRARIES = YES;
				BUNDLE_LOADER = "$(TEST_HOST)";
				DEVELOPMENT_TEAM = BR4H78C3XC;
				INFOPLIST_FILE = "DroidsOnRoidsRxExample#1Tests/Info.plist";
				LD_RUNPATH_SEARCH_PATHS = "$(inherited) @executable_path/Frameworks @loader_path/Frameworks";
				PRODUCT_BUNDLE_IDENTIFIER = "com.patrickBellot.DroidsOnRoidsRxExample-1Tests";
				PRODUCT_NAME = "$(TARGET_NAME)";
				SWIFT_VERSION = 3.0;
				TEST_HOST = "$(BUILT_PRODUCTS_DIR)/DroidsOnRoidsRxExample#1.app/DroidsOnRoidsRxExample#1";
			};
			name = Debug;
		};
		BA984C191E1B3A9900D5A796 /* Release */ = {
			isa = XCBuildConfiguration;
			baseConfigurationReference = C10845817AA7B0C832471F35 /* Pods-DroidsOnRoidsRxExample#1Tests.release.xcconfig */;
			buildSettings = {
				ALWAYS_EMBED_SWIFT_STANDARD_LIBRARIES = YES;
				BUNDLE_LOADER = "$(TEST_HOST)";
				DEVELOPMENT_TEAM = BR4H78C3XC;
				INFOPLIST_FILE = "DroidsOnRoidsRxExample#1Tests/Info.plist";
				LD_RUNPATH_SEARCH_PATHS = "$(inherited) @executable_path/Frameworks @loader_path/Frameworks";
				PRODUCT_BUNDLE_IDENTIFIER = "com.patrickBellot.DroidsOnRoidsRxExample-1Tests";
				PRODUCT_NAME = "$(TARGET_NAME)";
				SWIFT_VERSION = 3.0;
				TEST_HOST = "$(BUILT_PRODUCTS_DIR)/DroidsOnRoidsRxExample#1.app/DroidsOnRoidsRxExample#1";
			};
			name = Release;
		};
		BA984C1B1E1B3A9900D5A796 /* Debug */ = {
			isa = XCBuildConfiguration;
			baseConfigurationReference = 4CCF35BEA359240A110F039F /* Pods-DroidsOnRoidsRxExample#1UITests.debug.xcconfig */;
			buildSettings = {
				ALWAYS_EMBED_SWIFT_STANDARD_LIBRARIES = YES;
				DEVELOPMENT_TEAM = BR4H78C3XC;
				INFOPLIST_FILE = "DroidsOnRoidsRxExample#1UITests/Info.plist";
				LD_RUNPATH_SEARCH_PATHS = "$(inherited) @executable_path/Frameworks @loader_path/Frameworks";
				PRODUCT_BUNDLE_IDENTIFIER = "com.patrickBellot.DroidsOnRoidsRxExample-1UITests";
				PRODUCT_NAME = "$(TARGET_NAME)";
				SWIFT_VERSION = 3.0;
				TEST_TARGET_NAME = "DroidsOnRoidsRxExample#1";
			};
			name = Debug;
		};
		BA984C1C1E1B3A9900D5A796 /* Release */ = {
			isa = XCBuildConfiguration;
			baseConfigurationReference = 73A172714DE02F4F877FAA49 /* Pods-DroidsOnRoidsRxExample#1UITests.release.xcconfig */;
			buildSettings = {
				ALWAYS_EMBED_SWIFT_STANDARD_LIBRARIES = YES;
				DEVELOPMENT_TEAM = BR4H78C3XC;
				INFOPLIST_FILE = "DroidsOnRoidsRxExample#1UITests/Info.plist";
				LD_RUNPATH_SEARCH_PATHS = "$(inherited) @executable_path/Frameworks @loader_path/Frameworks";
				PRODUCT_BUNDLE_IDENTIFIER = "com.patrickBellot.DroidsOnRoidsRxExample-1UITests";
				PRODUCT_NAME = "$(TARGET_NAME)";
				SWIFT_VERSION = 3.0;
				TEST_TARGET_NAME = "DroidsOnRoidsRxExample#1";
			};
			name = Release;
		};
/* End XCBuildConfiguration section */

/* Begin XCConfigurationList section */
		BA984BE71E1B3A9900D5A796 /* Build configuration list for PBXProject "DroidsOnRoidsRxExample#1" */ = {
			isa = XCConfigurationList;
			buildConfigurations = (
				BA984C121E1B3A9900D5A796 /* Debug */,
				BA984C131E1B3A9900D5A796 /* Release */,
			);
			defaultConfigurationIsVisible = 0;
			defaultConfigurationName = Release;
		};
		BA984C141E1B3A9900D5A796 /* Build configuration list for PBXNativeTarget "DroidsOnRoidsRxExample#1" */ = {
			isa = XCConfigurationList;
			buildConfigurations = (
				BA984C151E1B3A9900D5A796 /* Debug */,
				BA984C161E1B3A9900D5A796 /* Release */,
			);
			defaultConfigurationIsVisible = 0;
		};
		BA984C171E1B3A9900D5A796 /* Build configuration list for PBXNativeTarget "DroidsOnRoidsRxExample#1Tests" */ = {
			isa = XCConfigurationList;
			buildConfigurations = (
				BA984C181E1B3A9900D5A796 /* Debug */,
				BA984C191E1B3A9900D5A796 /* Release */,
			);
			defaultConfigurationIsVisible = 0;
		};
		BA984C1A1E1B3A9900D5A796 /* Build configuration list for PBXNativeTarget "DroidsOnRoidsRxExample#1UITests" */ = {
			isa = XCConfigurationList;
			buildConfigurations = (
				BA984C1B1E1B3A9900D5A796 /* Debug */,
				BA984C1C1E1B3A9900D5A796 /* Release */,
			);
			defaultConfigurationIsVisible = 0;
		};
/* End XCConfigurationList section */
	};
	rootObject = BA984BE41E1B3A9900D5A796 /* Project object */;
}
